{
  "name": "lerna-monorepo",
  "lockfileVersion": 3,
  "requires": true,
  "packages": {
    "": {
      "name": "lerna-monorepo",
      "license": "MIT",
      "workspaces": [
        "packages/lerna",
        "website",
        "libs/e2e-utils"
      ]
    },
    "node_modules/encodeurl": {
      "version": "2.0.0",
      "resolved": "https://registry.npmjs.org/encodeurl/-/encodeurl-2.0.0.tgz",
      "integrity": "sha512-Q0n9HRi4m6JuGIV1eFlmvJB7ZEVxu93IrMyiMsGC0lrMJMWzRgx6WGquyfQgZVb31vhGgXnfmPNNXmxnOkRBrg==",
      "license": "MIT",
      "engines": {
        "node": ">= 0.8"
      }
    },
    "node_modules/cookie": {
      "version": "0.7.2",
      "resolved": "https://registry.npmjs.org/cookie/-/cookie-0.7.2.tgz",
      "integrity": "sha512-yki5XnKuf750l50uGTllt6kKILY4nQ1eNIQatoXEByZ5dWgnKqbnqmTrBE5B4N7lrMJKQ2ytWMiTO2o0v6Ew/w==",
      "license": "MIT",
      "engines": {
        "node": ">= 0.6"
      }
    },
    "node_modules/rxjs": {
      "version": "7.8.2",
      "resolved": "https://registry.npmjs.org/rxjs/-/rxjs-7.8.2.tgz",
      "integrity": "sha512-dhKf903U/PQZY6boNNtAGdWbG85WAbjT/1xYoZIC7FAY0yWapOBQVsVrDl58W86//e1VpMNBtRV4MaXfdMySFA==",
      "license": "Apache-2.0",
      "dependencies": {
        "tslib": "^2.1.0"
      }
    },
    "node_modules/unrs-resolver": {
      "version": "1.12.2",
      "resolved": "https://registry.npmjs.org/unrs-resolver/-/unrs-resolver-1.12.2.tgz",
      "integrity": "sha512-dmlRxBJJayXjqTwC+JtF1HhJmgf3ftQ3YejFcZrf4+KKtJv0qDsK1pjqaaVjG7wJ5NJ6UVP1OqRMQ71Z4C3rxQ==",
      "dev": true,
      "hasInstallScript": true,
      "license": "MIT",
      "dependencies": {
        "napi-postinstall": "^0.3.4"
      },
      "funding": {
        "url": "https://opencollective.com/unrs-resolver"
      },
      "optionalDependencies": {
        "@unrs/resolver-binding-android-arm-eabi": "1.12.2",
        "@unrs/resolver-binding-android-arm64": "1.12.2",
        "@unrs/resolver-binding-darwin-arm64": "1.12.2",
        "@unrs/resolver-binding-darwin-x64": "1.12.2",
        "@unrs/resolver-binding-freebsd-x64": "1.12.2",
        "@unrs/resolver-binding-linux-arm-gnueabihf": "1.12.2",
        "@unrs/resolver-binding-linux-arm-musleabihf": "1.12.2",
        "@unrs/resolver-binding-linux-arm64-gnu": "1.12.2",
        "@unrs/resolver-binding-linux-arm64-musl": "1.12.2",
        "@unrs/resolver-binding-linux-loong64-gnu": "1.12.2",
        "@unrs/resolver-binding-linux-loong64-musl": "1.12.2",
        "@unrs/resolver-binding-linux-ppc64-gnu": "1.12.2",
        "@unrs/resolver-binding-linux-riscv64-gnu": "1.12.2",
        "@unrs/resolver-binding-linux-riscv64-musl": "1.12.2",
        "@unrs/resolver-binding-linux-s390x-gnu": "1.12.2",
        "@unrs/resolver-binding-linux-x64-gnu": "1.12.2",
        "@unrs/resolver-binding-linux-x64-musl": "1.12.2",
        "@unrs/resolver-binding-openharmony-arm64": "1.12.2",
        "@unrs/resolver-binding-wasm32-wasi": "1.12.2",
        "@unrs/resolver-binding-win32-arm64-msvc": "1.12.2",
        "@unrs/resolver-binding-win32-ia32-msvc": "1.12.2",
        "@unrs/resolver-binding-win32-x64-msvc": "1.12.2"
      }
    }
  }
}
