{
  "name": "You-Dont-Need-jQuery",
  "version": "2.0.0",
  "lockfileVersion": 3,
  "requires": true,
  "packages": {
    "": {
      "name": "You-Dont-Need-jQuery",
      "version": "2.0.0",
      "license": "MIT",
      "devDependencies": {
        "jquery": "^4.0.0",
        "jsdom": "^30.1.0",
        "vitest": "^5.0.1"
      },
      "engines": {
        "node": "^22.12.0 || >=24.0.0"
      }
    },
    "node_modules/vite": {
      "version": "8.3.0",
      "resolved": "https://registry.npmjs.org/vite/-/vite-8.3.0.tgz",
      "integrity": "sha512-lhZBVvEHefgE+HQZC9O7EBJgCU/nVzFNl7vkS4RE0APtWLP02/8QVIkQtzBxPquh7lq5/78NHipTj7ODQ6XuyQ==",
      "dev": true,
      "license": "MIT",
      "peer": true,
      "dependencies": {
        "lightningcss": "^1.33.0",
        "picomatch": "^4.0.7",
        "postcss": "^8.5.28",
        "rolldown": "~1.2.6",
        "tinyglobby": "^0.2.17"
      },
      "bin": {
        "vite": "bin/vite.js"
      },
      "engines": {
        "node": "^20.19.0 || >=22.12.0"
      },
      "funding": {
        "url": "https://github.com/vitejs/vite?sponsor=1"
      },
      "optionalDependencies": {
        "fsevents": "~2.3.3"
      },
      "peerDependencies": {
        "@types/node": "^20.19.0 || >=22.12.0",
        "@vitejs/devtools": "^0.7.1",
        "esbuild": "^0.27.0 || ^0.28.0",
        "jiti": ">=1.21.0",
        "less": "^4.0.0",
        "sass": "^1.70.0",
        "sass-embedded": "^1.70.0",
        "stylus": ">=0.54.8",
        "sugarss": "^5.0.0",
        "terser": "^5.16.0",
        "tsx": "^4.8.1",
        "yaml": "^2.4.2"
      },
      "peerDependenciesMeta": {
        "@types/node": {
          "optional": true
        },
        "@vitejs/devtools": {
          "optional": true
        },
        "esbuild": {
          "optional": true
        },
        "jiti": {
          "optional": true
        },
        "less": {
          "optional": true
        },
        "sass": {
          "optional": true
        },
        "sass-embedded": {
          "optional": true
        },
        "stylus": {
          "optional": true
        },
        "sugarss": {
          "optional": true
        },
        "terser": {
          "optional": true
        },
        "tsx": {
          "optional": true
        },
        "yaml": {
          "optional": true
        }
      }
    }
  }
}
